
Microsoft Visual Studio Solution File, Format Version 12.00
# Visual Studio Version 17
VisualStudioVersion = 17.4.33205.214
MinimumVisualStudioVersion = 10.0.40219.1
Project("{FAE04EC0-301F-11D3-BF4B-00C04F79EFBC}") = "ConsoleApp1", "ConsoleApp1.csproj", "{7A6BF94E-A11C-4C8F-B790-CC8713927D88}"
EndProject
Project("{FAE04EC0-301F-11D3-BF4B-00C04F79EFBC}") = "ConsoleApp1Tests", "..\ConsoleApp1Tests\ConsoleApp1Tests.csproj", "{5C21DF5A-D378-47AA-AC53-8D47657B4449}"
EndProject
Global
	GlobalSection(SolutionConfigurationPlatforms) = preSolution
		Debug|Any CPU = Debug|Any CPU
		Release|Any CPU = Release|Any CPU
	EndGlobalSection
	GlobalSection(ProjectConfigurationPlatforms) = postSolution
		{7A6BF94E-A11C-4C8F-B790-CC8713927D88}.Debug|Any CPU.ActiveCfg = Debug|Any CPU
		{7A6BF94E-A11C-4C8F-B790-CC8713927D88}.Debug|Any CPU.Build.0 = Debug|Any CPU
		{7A6BF94E-A11C-4C8F-B790-CC8713927D88}.Release|Any CPU.ActiveCfg = Release|Any CPU
		{7A6BF94E-A11C-4C8F-B790-CC8713927D88}.Release|Any CPU.Build.0 = Release|Any CPU
		{5C21DF5A-D378-47AA-AC53-8D47657B4449}.Debug|Any CPU.ActiveCfg = Debug|Any CPU
		{5C21DF5A-D378-47AA-AC53-8D47657B4449}.Debug|Any CPU.Build.0 = Debug|Any CPU
		{5C21DF5A-D378-47AA-AC53-8D47657B4449}.Release|Any CPU.ActiveCfg = Release|Any CPU
		{5C21DF5A-D378-47AA-AC53-8D47657B4449}.Release|Any CPU.Build.0 = Release|Any CPU
	EndGlobalSection
	GlobalSection(SolutionProperties) = preSolution
		HideSolutionNode = FALSE
	EndGlobalSection
	GlobalSection(ExtensibilityGlobals) = postSolution
		SolutionGuid = {14B3058B-42FB-4022-BD2E-B1182B0C7A2D}
	EndGlobalSection
EndGlobal
